
Microsoft Visual Studio Solution File, Format Version 12.00
# Visual Studio Version 17
VisualStudioVersion = 17.0.31903.59
MinimumVisualStudioVersion = 10.0.40219.1
Project("{FAE04EC0-301F-11D3-BF4B-00C04F79EFBC}") = "HowManyOfThisType", "HowManyOfThisType\HowManyOfThisType.csproj", "{4625D6D7-602C-48D3-BA68-F4CD010B604D}"
EndProject
Project("{FAE04EC0-301F-11D3-BF4B-00C04F79EFBC}") = "MyGenericClass", "MyGenericClass\MyGenericClass.csproj", "{4AEAA233-FA22-4436-8594-71588C3E85D1}"
EndProject
Project("{FAE04EC0-301F-11D3-BF4B-00C04F79EFBC}") = "TheyCameBefore", "TheyCameBefore\TheyCameBefore.csproj", "{6C5FDBA2-438F-440E-AC16-AC5C65C95D4E}"
EndProject
Global
	GlobalSection(SolutionConfigurationPlatforms) = preSolution
		Debug|Any CPU = Debug|Any CPU
		Release|Any CPU = Release|Any CPU
	EndGlobalSection
	GlobalSection(SolutionProperties) = preSolution
		HideSolutionNode = FALSE
	EndGlobalSection
	GlobalSection(ProjectConfigurationPlatforms) = postSolution
		{4625D6D7-602C-48D3-BA68-F4CD010B604D}.Debug|Any CPU.ActiveCfg = Debug|Any CPU
		{4625D6D7-602C-48D3-BA68-F4CD010B604D}.Debug|Any CPU.Build.0 = Debug|Any CPU
		{4625D6D7-602C-48D3-BA68-F4CD010B604D}.Release|Any CPU.ActiveCfg = Release|Any CPU
		{4625D6D7-602C-48D3-BA68-F4CD010B604D}.Release|Any CPU.Build.0 = Release|Any CPU
		{4AEAA233-FA22-4436-8594-71588C3E85D1}.Debug|Any CPU.ActiveCfg = Debug|Any CPU
		{4AEAA233-FA22-4436-8594-71588C3E85D1}.Debug|Any CPU.Build.0 = Debug|Any CPU
		{4AEAA233-FA22-4436-8594-71588C3E85D1}.Release|Any CPU.ActiveCfg = Release|Any CPU
		{4AEAA233-FA22-4436-8594-71588C3E85D1}.Release|Any CPU.Build.0 = Release|Any CPU
		{6C5FDBA2-438F-440E-AC16-AC5C65C95D4E}.Debug|Any CPU.ActiveCfg = Debug|Any CPU
		{6C5FDBA2-438F-440E-AC16-AC5C65C95D4E}.Debug|Any CPU.Build.0 = Debug|Any CPU
		{6C5FDBA2-438F-440E-AC16-AC5C65C95D4E}.Release|Any CPU.ActiveCfg = Release|Any CPU
		{6C5FDBA2-438F-440E-AC16-AC5C65C95D4E}.Release|Any CPU.Build.0 = Release|Any CPU
	EndGlobalSection
EndGlobal
